github.com/pkg/errors v0.9.1 h1:FEBLx1zS214owpjy7qsBeixbURkuhQAwrK5UwLGTwt4=
github.com/pkg/errors v0.9.1/go.mod h1:bwawxfHBFNV+L2hUp1rHADufV3IMtnDRdf1r5NINEl0=
github.com/pytimer/win-netstat v0.0.0-20180710031115-efa1aff6aafc h1:NJabarGmZw//DrC1ixmeUOZgmrGnbXL8/IN4CHOeckM=
github.com/pytimer/win-netstat v0.0.0-20180710031115-efa1aff6aafc/go.mod h1:XrlGxma7SaoqMKNMYaUpU3l24A/5Lytk6243pea+K/4=
golang.org/x/sys v0.0.0-20210124154548-22da62e12c0c h1:VwygUrnw9jn88c4u8GD3rZQbqrP/tgas88tPUbBxQrk=
golang.org/x/sys v0.0.0-20210124154548-22da62e12c0c/go.mod h1:h1NjWce9XRLGQEsW7wpKNCjG9DtNlClVuFLEZdDNbEs=
golang.org/x/sys v0.0.0-20210216224549-f992740a1bac h1:9glrpwtNjBYgRpb67AZJKHfzj1stG/8BL5H7In2oTC4=
golang.org/x/sys v0.0.0-20210216224549-f992740a1bac/go.mod h1:h1NjWce9XRLGQEsW7wpKNCjG9DtNlClVuFLEZdDNbEs=
